
Microsoft Visual Studio Solution File, Format Version 12.00
# Visual Studio Version 17
VisualStudioVersion = 17.8.34408.163
MinimumVisualStudioVersion = 10.0.40219.1
Project("{9A19103F-16F7-4668-BE54-9A1E7A4F7556}") = "BigBangMastery", "BigBangMastery.csproj", "{0B77AF73-02B4-4502-AFF7-417764FD6CF0}"
EndProject
Project("{FAE04EC0-301F-11D3-BF4B-00C04F79EFBC}") = "Test.BigBangMastery", "..\Test.BigBangMastery\Test.BigBangMastery.csproj", "{B4D37C87-88A9-4FA3-AB9A-E7DB76F96848}"
EndProject
Global
	GlobalSection(SolutionConfigurationPlatforms) = preSolution
		Debug|Any CPU = Debug|Any CPU
		Release|Any CPU = Release|Any CPU
	EndGlobalSection
	GlobalSection(ProjectConfigurationPlatforms) = postSolution
		{0B77AF73-02B4-4502-AFF7-417764FD6CF0}.Debug|Any CPU.ActiveCfg = Debug|Any CPU
		{0B77AF73-02B4-4502-AFF7-417764FD6CF0}.Debug|Any CPU.Build.0 = Debug|Any CPU
		{0B77AF73-02B4-4502-AFF7-417764FD6CF0}.Release|Any CPU.ActiveCfg = Release|Any CPU
		{0B77AF73-02B4-4502-AFF7-417764FD6CF0}.Release|Any CPU.Build.0 = Release|Any CPU
		{B4D37C87-88A9-4FA3-AB9A-E7DB76F96848}.Debug|Any CPU.ActiveCfg = Debug|Any CPU
		{B4D37C87-88A9-4FA3-AB9A-E7DB76F96848}.Debug|Any CPU.Build.0 = Debug|Any CPU
		{B4D37C87-88A9-4FA3-AB9A-E7DB76F96848}.Release|Any CPU.ActiveCfg = Release|Any CPU
		{B4D37C87-88A9-4FA3-AB9A-E7DB76F96848}.Release|Any CPU.Build.0 = Release|Any CPU
	EndGlobalSection
	GlobalSection(SolutionProperties) = preSolution
		HideSolutionNode = FALSE
	EndGlobalSection
	GlobalSection(ExtensibilityGlobals) = postSolution
		SolutionGuid = {787A40F5-5DF5-457B-A879-2EA228CF67DA}
	EndGlobalSection
EndGlobal
